
Microsoft Visual Studio Solution File, Format Version 12.00
# Visual Studio Version 17
VisualStudioVersion = 17.2.32616.157
MinimumVisualStudioVersion = 10.0.40219.1
Project("{2150E333-8FDC-42A3-9474-1A3956D46DE8}") = "Sources", "Sources", "{938FD2C0-768A-4E4B-878A-CE3A6EDEA154}"
EndProject
Project("{2150E333-8FDC-42A3-9474-1A3956D46DE8}") = "Templates", "Templates", "{8743A8DC-27D9-4C88-BEB8-B85DF0B9BFC6}"
EndProject
Project("{9A19103F-16F7-4668-BE54-9A1E7A4F7556}") = "Inka.Templates.Blog", "Templates\Inka.Templates.Blog\Inka.Templates.Blog.csproj", "{D6048B42-4E92-477E-B608-75AF3090A58D}"
EndProject
Project("{2150E333-8FDC-42A3-9474-1A3956D46DE8}") = "Modules", "Modules", "{CE727854-654C-4184-970A-6580FF7ADDF7}"
EndProject
Project("{9A19103F-16F7-4668-BE54-9A1E7A4F7556}") = "Inka.Modules.Documents.MinifyHtml", "Sources\Modules\Documents\Inka.Modules.Documents.MinifyHtml\Inka.Modules.Documents.MinifyHtml.csproj", "{5DE31F5A-73EC-48B9-BC9D-7EEB34AECBAC}"
EndProject
Project("{9A19103F-16F7-4668-BE54-9A1E7A4F7556}") = "Inka.Modules.Documents.Markdown", "Sources\Modules\Documents\Inka.Modules.Documents.Markdown\Inka.Modules.Documents.Markdown.csproj", "{D926DF14-0D95-461D-B3A9-16ADD776EBC7}"
EndProject
Project("{9A19103F-16F7-4668-BE54-9A1E7A4F7556}") = "Inka.Modules.Documents.Razor", "Sources\Modules\Documents\Inka.Modules.Documents.Razor\Inka.Modules.Documents.Razor.csproj", "{8ACD225A-3EF1-4BC3-804A-C7E455E1771F}"
EndProject
Project("{9A19103F-16F7-4668-BE54-9A1E7A4F7556}") = "Inka.Modules.Documents.Static", "Sources\Modules\Documents\Inka.Modules.Documents.Static\Inka.Modules.Documents.Static.csproj", "{789C6FFD-F3ED-4AC0-A6ED-08C90567D3B3}"
EndProject
Project("{9A19103F-16F7-4668-BE54-9A1E7A4F7556}") = "Inka.Engine", "Sources\Inka.Engine\Inka.Engine.csproj", "{D0D6FC15-E3E5-43E5-89F7-FCFD0445A3F7}"
EndProject
Project("{2150E333-8FDC-42A3-9474-1A3956D46DE8}") = "Operations", "Operations", "{BD43ADF8-2264-460C-AE64-67F970AD3C4E}"
EndProject
Project("{9A19103F-16F7-4668-BE54-9A1E7A4F7556}") = "Inka.Modules.Operations.Output", "Sources\Modules\Operations\Inka.Modules.Operations.Output\Inka.Modules.Operations.Output.csproj", "{5707B457-07D7-464A-ADC7-6FB89170CA38}"
EndProject
Project("{2150E333-8FDC-42A3-9474-1A3956D46DE8}") = "Documents", "Documents", "{E68F049C-00F3-4EC9-9ADB-623F76506885}"
EndProject
Project("{9A19103F-16F7-4668-BE54-9A1E7A4F7556}") = "Inka.Modules.Operations.Sitemap", "Sources\Modules\Operations\Inka.Modules.Operations.Sitemap\Inka.Modules.Operations.Sitemap.csproj", "{E4798579-CD38-42D8-ADF9-C69AC9EDC7CC}"
EndProject
Project("{9A19103F-16F7-4668-BE54-9A1E7A4F7556}") = "Inka.Modules.Documents.Less", "Sources\Modules\Documents\Inka.Modules.Documents.Less\Inka.Modules.Documents.Less.csproj", "{595B1D79-A88F-4B99-9C47-CC24B1297095}"
EndProject
Project("{2150E333-8FDC-42A3-9474-1A3956D46DE8}") = "Submodules", "Submodules", "{6086C265-3CC5-4E8A-9E43-A64B16C755F8}"
EndProject
Project("{2150E333-8FDC-42A3-9474-1A3956D46DE8}") = "carcass", "carcass", "{069F7928-1F4E-451D-BBD6-C69147F5FB28}"
EndProject
Project("{2150E333-8FDC-42A3-9474-1A3956D46DE8}") = "Sources", "Sources", "{D2F4EEC5-B659-488E-91C1-4C9B592EDF95}"
EndProject
Project("{9A19103F-16F7-4668-BE54-9A1E7A4F7556}") = "Carcass.Core", "Submodules\carcass\Sources\Carcass.Core\Carcass.Core.csproj", "{52E2C584-FE08-4895-B6AF-1261FA2D6ADD}"
EndProject
Project("{2150E333-8FDC-42A3-9474-1A3956D46DE8}") = "Cli", "Cli", "{0172BEC2-92E5-4CFD-8CAD-9977F4DD3109}"
EndProject
Project("{2150E333-8FDC-42A3-9474-1A3956D46DE8}") = "Logging", "Logging", "{62CA8F7A-8021-4082-83A5-5F5B9552D404}"
EndProject
Project("{9A19103F-16F7-4668-BE54-9A1E7A4F7556}") = "Carcass.Cli.Logging.Core", "Submodules\carcass\Sources\Cli\Logging\Carcass.Cli.Logging.Core\Carcass.Cli.Logging.Core.csproj", "{42110D82-F38A-4404-9CAB-E94EAC027CF6}"
EndProject
Project("{9A19103F-16F7-4668-BE54-9A1E7A4F7556}") = "Carcass.Cli.Logging.Spectre", "Submodules\carcass\Sources\Cli\Logging\Carcass.Cli.Logging.Spectre\Carcass.Cli.Logging.Spectre.csproj", "{BA44D5E7-216B-4E86-B5CF-CCEDED75AB48}"
EndProject
Project("{9A19103F-16F7-4668-BE54-9A1E7A4F7556}") = "Carcass.LocalStorage", "Submodules\carcass\Sources\Carcass.LocalStorage\Carcass.LocalStorage.csproj", "{1A809F95-76B1-4FD2-B492-B0536AE9BA78}"
EndProject
Project("{2150E333-8FDC-42A3-9474-1A3956D46DE8}") = "FrontMatter", "FrontMatter", "{41834306-A845-4894-9C9C-32E16C787633}"
EndProject
Project("{9A19103F-16F7-4668-BE54-9A1E7A4F7556}") = "Carcass.FrontMatter.Core", "Submodules\carcass\Sources\FrontMatter\Carcass.FrontMatter.Core\Carcass.FrontMatter.Core.csproj", "{003EA776-251E-41DD-8D7C-80AEC3D5E71C}"
EndProject
Project("{9A19103F-16F7-4668-BE54-9A1E7A4F7556}") = "Carcass.FrontMatter.Markdown", "Submodules\carcass\Sources\FrontMatter\Carcass.FrontMatter.Markdown\Carcass.FrontMatter.Markdown.csproj", "{F7AB3EBC-BF7C-4CB4-8182-D4FE76E9BE6E}"
EndProject
Project("{9A19103F-16F7-4668-BE54-9A1E7A4F7556}") = "Carcass.FrontMatter.Razor", "Submodules\carcass\Sources\FrontMatter\Carcass.FrontMatter.Razor\Carcass.FrontMatter.Razor.csproj", "{EFB90ED2-7CD3-492E-9024-7DB704D48EAC}"
EndProject
Project("{2150E333-8FDC-42A3-9474-1A3956D46DE8}") = "Mvc", "Mvc", "{C69DBBA0-9D84-4DBC-B49B-2D986F346D12}"
EndProject
Project("{2150E333-8FDC-42A3-9474-1A3956D46DE8}") = "Razor", "Razor", "{E7B29F26-9CFF-48B0-968B-83F9E6490B83}"
EndProject
Project("{9A19103F-16F7-4668-BE54-9A1E7A4F7556}") = "Carcass.Mvc.Razor.Rendering", "Submodules\carcass\Sources\Mvc\Razor\Carcass.Mvc.Razor.Rendering\Carcass.Mvc.Razor.Rendering.csproj", "{A65A355B-5D0F-425B-B05C-C70096F7C782}"
EndProject
Project("{2150E333-8FDC-42A3-9474-1A3956D46DE8}") = "Yaml", "Yaml", "{67C65F7D-A6A5-434B-98B9-47C07A112905}"
EndProject
Project("{9A19103F-16F7-4668-BE54-9A1E7A4F7556}") = "Carcass.Yaml.Core", "Submodules\carcass\Sources\Yaml\Carcass.Yaml.Core\Carcass.Yaml.Core.csproj", "{299E9151-9FC8-4AF4-8A22-674328B52EA9}"
EndProject
Project("{9A19103F-16F7-4668-BE54-9A1E7A4F7556}") = "Carcass.Yaml.YamlDotNet", "Submodules\carcass\Sources\Yaml\Carcass.Yaml.YamlDotNet\Carcass.Yaml.YamlDotNet.csproj", "{0087C08F-E727-406B-AEE9-E5468E8243C1}"
EndProject
Global
	GlobalSection(SolutionConfigurationPlatforms) = preSolution
		Debug|Any CPU = Debug|Any CPU
		Release|Any CPU = Release|Any CPU
	EndGlobalSection
	GlobalSection(ProjectConfigurationPlatforms) = postSolution
		{D6048B42-4E92-477E-B608-75AF3090A58D}.Debug|Any CPU.ActiveCfg = Debug|Any CPU
		{D6048B42-4E92-477E-B608-75AF3090A58D}.Debug|Any CPU.Build.0 = Debug|Any CPU
		{D6048B42-4E92-477E-B608-75AF3090A58D}.Release|Any CPU.ActiveCfg = Release|Any CPU
		{D6048B42-4E92-477E-B608-75AF3090A58D}.Release|Any CPU.Build.0 = Release|Any CPU
		{5DE31F5A-73EC-48B9-BC9D-7EEB34AECBAC}.Debug|Any CPU.ActiveCfg = Debug|Any CPU
		{5DE31F5A-73EC-48B9-BC9D-7EEB34AECBAC}.Debug|Any CPU.Build.0 = Debug|Any CPU
		{5DE31F5A-73EC-48B9-BC9D-7EEB34AECBAC}.Release|Any CPU.ActiveCfg = Release|Any CPU
		{5DE31F5A-73EC-48B9-BC9D-7EEB34AECBAC}.Release|Any CPU.Build.0 = Release|Any CPU
		{D926DF14-0D95-461D-B3A9-16ADD776EBC7}.Debug|Any CPU.ActiveCfg = Debug|Any CPU
		{D926DF14-0D95-461D-B3A9-16ADD776EBC7}.Debug|Any CPU.Build.0 = Debug|Any CPU
		{D926DF14-0D95-461D-B3A9-16ADD776EBC7}.Release|Any CPU.ActiveCfg = Release|Any CPU
		{D926DF14-0D95-461D-B3A9-16ADD776EBC7}.Release|Any CPU.Build.0 = Release|Any CPU
		{8ACD225A-3EF1-4BC3-804A-C7E455E1771F}.Debug|Any CPU.ActiveCfg = Debug|Any CPU
		{8ACD225A-3EF1-4BC3-804A-C7E455E1771F}.Debug|Any CPU.Build.0 = Debug|Any CPU
		{8ACD225A-3EF1-4BC3-804A-C7E455E1771F}.Release|Any CPU.ActiveCfg = Release|Any CPU
		{8ACD225A-3EF1-4BC3-804A-C7E455E1771F}.Release|Any CPU.Build.0 = Release|Any CPU
		{789C6FFD-F3ED-4AC0-A6ED-08C90567D3B3}.Debug|Any CPU.ActiveCfg = Debug|Any CPU
		{789C6FFD-F3ED-4AC0-A6ED-08C90567D3B3}.Debug|Any CPU.Build.0 = Debug|Any CPU
		{789C6FFD-F3ED-4AC0-A6ED-08C90567D3B3}.Release|Any CPU.ActiveCfg = Release|Any CPU
		{789C6FFD-F3ED-4AC0-A6ED-08C90567D3B3}.Release|Any CPU.Build.0 = Release|Any CPU
		{D0D6FC15-E3E5-43E5-89F7-FCFD0445A3F7}.Debug|Any CPU.ActiveCfg = Debug|Any CPU
		{D0D6FC15-E3E5-43E5-89F7-FCFD0445A3F7}.Debug|Any CPU.Build.0 = Debug|Any CPU
		{D0D6FC15-E3E5-43E5-89F7-FCFD0445A3F7}.Release|Any CPU.ActiveCfg = Release|Any CPU
		{D0D6FC15-E3E5-43E5-89F7-FCFD0445A3F7}.Release|Any CPU.Build.0 = Release|Any CPU
		{5707B457-07D7-464A-ADC7-6FB89170CA38}.Debug|Any CPU.ActiveCfg = Debug|Any CPU
		{5707B457-07D7-464A-ADC7-6FB89170CA38}.Debug|Any CPU.Build.0 = Debug|Any CPU
		{5707B457-07D7-464A-ADC7-6FB89170CA38}.Release|Any CPU.ActiveCfg = Release|Any CPU
		{5707B457-07D7-464A-ADC7-6FB89170CA38}.Release|Any CPU.Build.0 = Release|Any CPU
		{E4798579-CD38-42D8-ADF9-C69AC9EDC7CC}.Debug|Any CPU.ActiveCfg = Debug|Any CPU
		{E4798579-CD38-42D8-ADF9-C69AC9EDC7CC}.Debug|Any CPU.Build.0 = Debug|Any CPU
		{E4798579-CD38-42D8-ADF9-C69AC9EDC7CC}.Release|Any CPU.ActiveCfg = Release|Any CPU
		{E4798579-CD38-42D8-ADF9-C69AC9EDC7CC}.Release|Any CPU.Build.0 = Release|Any CPU
		{595B1D79-A88F-4B99-9C47-CC24B1297095}.Debug|Any CPU.ActiveCfg = Debug|Any CPU
		{595B1D79-A88F-4B99-9C47-CC24B1297095}.Debug|Any CPU.Build.0 = Debug|Any CPU
		{595B1D79-A88F-4B99-9C47-CC24B1297095}.Release|Any CPU.ActiveCfg = Release|Any CPU
		{595B1D79-A88F-4B99-9C47-CC24B1297095}.Release|Any CPU.Build.0 = Release|Any CPU
		{52E2C584-FE08-4895-B6AF-1261FA2D6ADD}.Debug|Any CPU.ActiveCfg = Debug|Any CPU
		{52E2C584-FE08-4895-B6AF-1261FA2D6ADD}.Debug|Any CPU.Build.0 = Debug|Any CPU
		{52E2C584-FE08-4895-B6AF-1261FA2D6ADD}.Release|Any CPU.ActiveCfg = Release|Any CPU
		{52E2C584-FE08-4895-B6AF-1261FA2D6ADD}.Release|Any CPU.Build.0 = Release|Any CPU
		{42110D82-F38A-4404-9CAB-E94EAC027CF6}.Debug|Any CPU.ActiveCfg = Debug|Any CPU
		{42110D82-F38A-4404-9CAB-E94EAC027CF6}.Debug|Any CPU.Build.0 = Debug|Any CPU
		{42110D82-F38A-4404-9CAB-E94EAC027CF6}.Release|Any CPU.ActiveCfg = Release|Any CPU
		{42110D82-F38A-4404-9CAB-E94EAC027CF6}.Release|Any CPU.Build.0 = Release|Any CPU
		{BA44D5E7-216B-4E86-B5CF-CCEDED75AB48}.Debug|Any CPU.ActiveCfg = Debug|Any CPU
		{BA44D5E7-216B-4E86-B5CF-CCEDED75AB48}.Debug|Any CPU.Build.0 = Debug|Any CPU
		{BA44D5E7-216B-4E86-B5CF-CCEDED75AB48}.Release|Any CPU.ActiveCfg = Release|Any CPU
		{BA44D5E7-216B-4E86-B5CF-CCEDED75AB48}.Release|Any CPU.Build.0 = Release|Any CPU
		{1A809F95-76B1-4FD2-B492-B0536AE9BA78}.Debug|Any CPU.ActiveCfg = Debug|Any CPU
		{1A809F95-76B1-4FD2-B492-B0536AE9BA78}.Debug|Any CPU.Build.0 = Debug|Any CPU
		{1A809F95-76B1-4FD2-B492-B0536AE9BA78}.Release|Any CPU.ActiveCfg = Release|Any CPU
		{1A809F95-76B1-4FD2-B492-B0536AE9BA78}.Release|Any CPU.Build.0 = Release|Any CPU
		{003EA776-251E-41DD-8D7C-80AEC3D5E71C}.Debug|Any CPU.ActiveCfg = Debug|Any CPU
		{003EA776-251E-41DD-8D7C-80AEC3D5E71C}.Debug|Any CPU.Build.0 = Debug|Any CPU
		{003EA776-251E-41DD-8D7C-80AEC3D5E71C}.Release|Any CPU.ActiveCfg = Release|Any CPU
		{003EA776-251E-41DD-8D7C-80AEC3D5E71C}.Release|Any CPU.Build.0 = Release|Any CPU
		{F7AB3EBC-BF7C-4CB4-8182-D4FE76E9BE6E}.Debug|Any CPU.ActiveCfg = Debug|Any CPU
		{F7AB3EBC-BF7C-4CB4-8182-D4FE76E9BE6E}.Debug|Any CPU.Build.0 = Debug|Any CPU
		{F7AB3EBC-BF7C-4CB4-8182-D4FE76E9BE6E}.Release|Any CPU.ActiveCfg = Release|Any CPU
		{F7AB3EBC-BF7C-4CB4-8182-D4FE76E9BE6E}.Release|Any CPU.Build.0 = Release|Any CPU
		{EFB90ED2-7CD3-492E-9024-7DB704D48EAC}.Debug|Any CPU.ActiveCfg = Debug|Any CPU
		{EFB90ED2-7CD3-492E-9024-7DB704D48EAC}.Debug|Any CPU.Build.0 = Debug|Any CPU
		{EFB90ED2-7CD3-492E-9024-7DB704D48EAC}.Release|Any CPU.ActiveCfg = Release|Any CPU
		{EFB90ED2-7CD3-492E-9024-7DB704D48EAC}.Release|Any CPU.Build.0 = Release|Any CPU
		{A65A355B-5D0F-425B-B05C-C70096F7C782}.Debug|Any CPU.ActiveCfg = Debug|Any CPU
		{A65A355B-5D0F-425B-B05C-C70096F7C782}.Debug|Any CPU.Build.0 = Debug|Any CPU
		{A65A355B-5D0F-425B-B05C-C70096F7C782}.Release|Any CPU.ActiveCfg = Release|Any CPU
		{A65A355B-5D0F-425B-B05C-C70096F7C782}.Release|Any CPU.Build.0 = Release|Any CPU
		{299E9151-9FC8-4AF4-8A22-674328B52EA9}.Debug|Any CPU.ActiveCfg = Debug|Any CPU
		{299E9151-9FC8-4AF4-8A22-674328B52EA9}.Debug|Any CPU.Build.0 = Debug|Any CPU
		{299E9151-9FC8-4AF4-8A22-674328B52EA9}.Release|Any CPU.ActiveCfg = Release|Any CPU
		{299E9151-9FC8-4AF4-8A22-674328B52EA9}.Release|Any CPU.Build.0 = Release|Any CPU
		{0087C08F-E727-406B-AEE9-E5468E8243C1}.Debug|Any CPU.ActiveCfg = Debug|Any CPU
		{0087C08F-E727-406B-AEE9-E5468E8243C1}.Debug|Any CPU.Build.0 = Debug|Any CPU
		{0087C08F-E727-406B-AEE9-E5468E8243C1}.Release|Any CPU.ActiveCfg = Release|Any CPU
		{0087C08F-E727-406B-AEE9-E5468E8243C1}.Release|Any CPU.Build.0 = Release|Any CPU
	EndGlobalSection
	GlobalSection(SolutionProperties) = preSolution
		HideSolutionNode = FALSE
	EndGlobalSection
	GlobalSection(NestedProjects) = preSolution
		{D6048B42-4E92-477E-B608-75AF3090A58D} = {8743A8DC-27D9-4C88-BEB8-B85DF0B9BFC6}
		{CE727854-654C-4184-970A-6580FF7ADDF7} = {938FD2C0-768A-4E4B-878A-CE3A6EDEA154}
		{5DE31F5A-73EC-48B9-BC9D-7EEB34AECBAC} = {E68F049C-00F3-4EC9-9ADB-623F76506885}
		{D926DF14-0D95-461D-B3A9-16ADD776EBC7} = {E68F049C-00F3-4EC9-9ADB-623F76506885}
		{8ACD225A-3EF1-4BC3-804A-C7E455E1771F} = {E68F049C-00F3-4EC9-9ADB-623F76506885}
		{789C6FFD-F3ED-4AC0-A6ED-08C90567D3B3} = {E68F049C-00F3-4EC9-9ADB-623F76506885}
		{D0D6FC15-E3E5-43E5-89F7-FCFD0445A3F7} = {938FD2C0-768A-4E4B-878A-CE3A6EDEA154}
		{BD43ADF8-2264-460C-AE64-67F970AD3C4E} = {CE727854-654C-4184-970A-6580FF7ADDF7}
		{5707B457-07D7-464A-ADC7-6FB89170CA38} = {BD43ADF8-2264-460C-AE64-67F970AD3C4E}
		{E68F049C-00F3-4EC9-9ADB-623F76506885} = {CE727854-654C-4184-970A-6580FF7ADDF7}
		{E4798579-CD38-42D8-ADF9-C69AC9EDC7CC} = {BD43ADF8-2264-460C-AE64-67F970AD3C4E}
		{595B1D79-A88F-4B99-9C47-CC24B1297095} = {E68F049C-00F3-4EC9-9ADB-623F76506885}
		{069F7928-1F4E-451D-BBD6-C69147F5FB28} = {6086C265-3CC5-4E8A-9E43-A64B16C755F8}
		{D2F4EEC5-B659-488E-91C1-4C9B592EDF95} = {069F7928-1F4E-451D-BBD6-C69147F5FB28}
		{52E2C584-FE08-4895-B6AF-1261FA2D6ADD} = {D2F4EEC5-B659-488E-91C1-4C9B592EDF95}
		{0172BEC2-92E5-4CFD-8CAD-9977F4DD3109} = {D2F4EEC5-B659-488E-91C1-4C9B592EDF95}
		{62CA8F7A-8021-4082-83A5-5F5B9552D404} = {0172BEC2-92E5-4CFD-8CAD-9977F4DD3109}
		{42110D82-F38A-4404-9CAB-E94EAC027CF6} = {62CA8F7A-8021-4082-83A5-5F5B9552D404}
		{BA44D5E7-216B-4E86-B5CF-CCEDED75AB48} = {62CA8F7A-8021-4082-83A5-5F5B9552D404}
		{1A809F95-76B1-4FD2-B492-B0536AE9BA78} = {D2F4EEC5-B659-488E-91C1-4C9B592EDF95}
		{41834306-A845-4894-9C9C-32E16C787633} = {D2F4EEC5-B659-488E-91C1-4C9B592EDF95}
		{003EA776-251E-41DD-8D7C-80AEC3D5E71C} = {41834306-A845-4894-9C9C-32E16C787633}
		{F7AB3EBC-BF7C-4CB4-8182-D4FE76E9BE6E} = {41834306-A845-4894-9C9C-32E16C787633}
		{EFB90ED2-7CD3-492E-9024-7DB704D48EAC} = {41834306-A845-4894-9C9C-32E16C787633}
		{C69DBBA0-9D84-4DBC-B49B-2D986F346D12} = {D2F4EEC5-B659-488E-91C1-4C9B592EDF95}
		{E7B29F26-9CFF-48B0-968B-83F9E6490B83} = {C69DBBA0-9D84-4DBC-B49B-2D986F346D12}
		{A65A355B-5D0F-425B-B05C-C70096F7C782} = {E7B29F26-9CFF-48B0-968B-83F9E6490B83}
		{67C65F7D-A6A5-434B-98B9-47C07A112905} = {D2F4EEC5-B659-488E-91C1-4C9B592EDF95}
		{299E9151-9FC8-4AF4-8A22-674328B52EA9} = {67C65F7D-A6A5-434B-98B9-47C07A112905}
		{0087C08F-E727-406B-AEE9-E5468E8243C1} = {67C65F7D-A6A5-434B-98B9-47C07A112905}
	EndGlobalSection
	GlobalSection(ExtensibilityGlobals) = postSolution
		SolutionGuid = {14EA479C-D46E-4E82-BA1A-D24CAA89A4C1}
	EndGlobalSection
EndGlobal
